
Microsoft Visual Studio Solution File, Format Version 11.00
# Visual Studio 2010
Project("{FAE04EC0-301F-11D3-BF4B-00C04F79EFBC}") = "Raycast2D-Overshoot-Test", "Assembly-CSharp.csproj", "{CCE778F5-36F4-DD99-E5F2-78A4076B071E}"
EndProject
Global
	GlobalSection(SolutionConfigurationPlatforms) = preSolution
		Debug|Any CPU = Debug|Any CPU
		Release|Any CPU = Release|Any CPU
	EndGlobalSection
	GlobalSection(ProjectConfigurationPlatforms) = postSolution
		{CCE778F5-36F4-DD99-E5F2-78A4076B071E}.Debug|Any CPU.ActiveCfg = Debug|Any CPU
		{CCE778F5-36F4-DD99-E5F2-78A4076B071E}.Debug|Any CPU.Build.0 = Debug|Any CPU
		{CCE778F5-36F4-DD99-E5F2-78A4076B071E}.Release|Any CPU.ActiveCfg = Release|Any CPU
		{CCE778F5-36F4-DD99-E5F2-78A4076B071E}.Release|Any CPU.Build.0 = Release|Any CPU
	EndGlobalSection
	GlobalSection(SolutionProperties) = preSolution
		HideSolutionNode = FALSE
	EndGlobalSection
	GlobalSection(MonoDevelopProperties) = preSolution
		StartupItem = Assembly-CSharp.csproj
	EndGlobalSection
EndGlobal
